// !$*UTF8*$!
{
	archiveVersion = 1;
	classes = {
	};
	objectVersion = 46;
	objects = {

/* Begin PBXBuildFile section */
		29DBCAE61F55E9E200B96966 /* AppDelegate.swift in Sources */ = {isa = PBXBuildFile; fileRef = 29DBCAE51F55E9E200B96966 /* AppDelegate.swift */; };
		29DBCAE81F55E9E200B96966 /* ViewController.swift in Sources */ = {isa = PBXBuildFile; fileRef = 29DBCAE71F55E9E200B96966 /* ViewController.swift */; };
		29DBCAEB1F55E9E200B96966 /* Main.storyboard in Resources */ = {isa = PBXBuildFile; fileRef = 29DBCAE91F55E9E200B96966 /* Main.storyboard */; };
		29DBCAED1F55E9E200B96966 /* Assets.xcassets in Resources */ = {isa = PBXBuildFile; fileRef = 29DBCAEC1F55E9E200B96966 /* Assets.xcassets */; };
		29DBCAF01F55E9E200B96966 /* LaunchScreen.storyboard in Resources */ = {isa = PBXBuildFile; fileRef = 29DBCAEE1F55E9E200B96966 /* LaunchScreen.storyboard */; };
		29DBCAFB1F55E9E200B96966 /* NotificationCustomTests.swift in Sources */ = {isa = PBXBuildFile; fileRef = 29DBCAFA1F55E9E200B96966 /* NotificationCustomTests.swift */; };
/* End PBXBuildFile section */

/* Begin PBXContainerItemProxy section */
		29DBCAF71F55E9E200B96966 /* PBXContainerItemProxy */ = {
			isa = PBXContainerItemProxy;
			containerPortal = 29DBCADA1F55E9E200B96966 /* Project object */;
			proxyType = 1;
			remoteGlobalIDString = 29DBCAE11F55E9E200B96966;
			remoteInfo = NotificationCustom;
		};
/* End PBXContainerItemProxy section */

/* Begin PBXFileReference section */
		29DBCAE21F55E9E200B96966 /* NotificationCustom.app */ = {isa = PBXFileReference; explicitFileType = wrapper.application; includeInIndex = 0; path = NotificationCustom.app; sourceTree = BUILT_PRODUCTS_DIR; };
		29DBCAE51F55E9E200B96966 /* AppDelegate.swift */ = {isa = PBXFileReference; lastKnownFileType = sourcecode.swift; path = AppDelegate.swift; sourceTree = "<group>"; };
		29DBCAE71F55E9E200B96966 /* ViewController.swift */ = {isa = PBXFileReference; lastKnownFileType = sourcecode.swift; path = ViewController.swift; sourceTree = "<group>"; };
		29DBCAEA1F55E9E200B96966 /* Base */ = {isa = PBXFileReference; lastKnownFileType = file.storyboard; name = Base; path = Base.lproj/Main.storyboard; sourceTree = "<group>"; };
		29DBCAEC1F55E9E200B96966 /* Assets.xcassets */ = {isa = PBXFileReference; lastKnownFileType = folder.assetcatalog; path = Assets.xcassets; sourceTree = "<group>"; };
		29DBCAEF1F55E9E200B96966 /* Base */ = {isa = PBXFileReference; lastKnownFileType = file.storyboard; name = Base; path = Base.lproj/LaunchScreen.storyboard; sourceTree = "<group>"; };
		29DBCAF11F55E9E200B96966 /* Info.plist */ = {isa = PBXFileReference; lastKnownFileType = text.plist.xml; path = Info.plist; sourceTree = "<group>"; };
		29DBCAF61F55E9E200B96966 /* NotificationCustomTests.xctest */ = {isa = PBXFileReference; explicitFileType = wrapper.cfbundle; includeInIndex = 0; path = NotificationCustomTests.xctest; sourceTree = BUILT_PRODUCTS_DIR; };
		29DBCAFA1F55E9E200B96966 /* NotificationCustomTests.swift */ = {isa = PBXFileReference; lastKnownFileType = sourcecode.swift; path = NotificationCustomTests.swift; sourceTree = "<group>"; };
		29DBCAFC1F55E9E200B96966 /* Info.plist */ = {isa = PBXFileReference; lastKnownFileType = text.plist.xml; path = Info.plist; sourceTree = "<group>"; };
/* End PBXFileReference section */

/* Begin PBXFrameworksBuildPhase section */
		29DBCADF1F55E9E200B96966 /* Frameworks */ = {
			isa = PBXFrameworksBuildPhase;
			buildActionMask = 2147483647;
			files = (
			);
			runOnlyForDeploymentPostprocessing = 0;
		};
		29DBCAF31F55E9E200B96966 /* Frameworks */ = {
			isa = PBXFrameworksBuildPhase;
			buildActionMask = 2147483647;
			files = (
			);
			runOnlyForDeploymentPostprocessing = 0;
		};
/* End PBXFrameworksBuildPhase section */

/* Begin PBXGroup section */
		29DBCAD91F55E9E200B96966 = {
			isa = PBXGroup;
			children = (
				29DBCAE41F55E9E200B96966 /* NotificationCustom */,
				29DBCAF91F55E9E200B96966 /* NotificationCustomTests */,
				29DBCAE31F55E9E200B96966 /* Products */,
			);
			sourceTree = "<group>";
		};
		29DBCAE31F55E9E200B96966 /* Products */ = {
			isa = PBXGroup;
			children = (
				29DBCAE21F55E9E200B96966 /* NotificationCustom.app */,
				29DBCAF61F55E9E200B96966 /* NotificationCustomTests.xctest */,
			);
			name = Products;
			sourceTree = "<group>";
		};
		29DBCAE41F55E9E200B96966 /* NotificationCustom */ = {
			isa = PBXGroup;
			children = (
				29DBCAE51F55E9E200B96966 /* AppDelegate.swift */,
				29DBCAE71F55E9E200B96966 /* ViewController.swift */,
				29DBCAE91F55E9E200B96966 /* Main.storyboard */,
				29DBCAEC1F55E9E200B96966 /* Assets.xcassets */,
				29DBCAEE1F55E9E200B96966 /* LaunchScreen.storyboard */,
				29DBCAF11F55E9E200B96966 /* Info.plist */,
			);
			path = NotificationCustom;
			sourceTree = "<group>";
		};
		29DBCAF91F55E9E200B96966 /* NotificationCustomTests */ = {
			isa = PBXGroup;
			children = (
				29DBCAFA1F55E9E200B96966 /* NotificationCustomTests.swift */,
				29DBCAFC1F55E9E200B96966 /* Info.plist */,
			);
			path = NotificationCustomTests;
			sourceTree = "<group>";
		};
/* End PBXGroup section */

/* Begin PBXNativeTarget section */
		29DBCAE11F55E9E200B96966 /* NotificationCustom */ = {
			isa = PBXNativeTarget;
			buildConfigurationList = 29DBCAFF1F55E9E200B96966 /* Build configuration list for PBXNativeTarget "NotificationCustom" */;
			buildPhases = (
				29DBCADE1F55E9E200B96966 /* Sources */,
				29DBCADF1F55E9E200B96966 /* Frameworks */,
				29DBCAE01F55E9E200B96966 /* Resources */,
			);
			buildRules = (
			);
			dependencies = (
			);
			name = NotificationCustom;
			productName = NotificationCustom;
			productReference = 29DBCAE21F55E9E200B96966 /* NotificationCustom.app */;
			productType = "com.apple.product-type.application";
		};
		29DBCAF51F55E9E200B96966 /* NotificationCustomTests */ = {
			isa = PBXNativeTarget;
			buildConfigurationList = 29DBCB021F55E9E200B96966 /* Build configuration list for PBXNativeTarget "NotificationCustomTests" */;
			buildPhases = (
				29DBCAF21F55E9E200B96966 /* Sources */,
				29DBCAF31F55E9E200B96966 /* Frameworks */,
				29DBCAF41F55E9E200B96966 /* Resources */,
			);
			buildRules = (
			);
			dependencies = (
				29DBCAF81F55E9E200B96966 /* PBXTargetDependency */,
			);
			name = NotificationCustomTests;
			productName = NotificationCustomTests;
			productReference = 29DBCAF61F55E9E200B96966 /* NotificationCustomTests.xctest */;
			productType = "com.apple.product-type.bundle.unit-test";
		};
/* End PBXNativeTarget section */

/* Begin PBXProject section */
		29DBCADA1F55E9E200B96966 /* Project object */ = {
			isa = PBXProject;
			attributes = {
				LastSwiftUpdateCheck = 0830;
				LastUpgradeCheck = 0830;
				ORGANIZATIONNAME = "Kanishk Verma";
				TargetAttributes = {
					29DBCAE11F55E9E200B96966 = {
						CreatedOnToolsVersion = 8.3.3;
						ProvisioningStyle = Automatic;
					};
					29DBCAF51F55E9E200B96966 = {
						CreatedOnToolsVersion = 8.3.3;
						ProvisioningStyle = Automatic;
						TestTargetID = 29DBCAE11F55E9E200B96966;
					};
				};
			};
			buildConfigurationList = 29DBCADD1F55E9E200B96966 /* Build configuration list for PBXProject "NotificationCustom" */;
			compatibilityVersion = "Xcode 3.2";
			developmentRegion = English;
			hasScannedForEncodings = 0;
			knownRegions = (
				en,
				Base,
			);
			mainGroup = 29DBCAD91F55E9E200B96966;
			productRefGroup = 29DBCAE31F55E9E200B96966 /* Products */;
			projectDirPath = "";
			projectRoot = "";
			targets = (
				29DBCAE11F55E9E200B96966 /* NotificationCustom */,
				29DBCAF51F55E9E200B96966 /* NotificationCustomTests */,
			);
		};
/* End PBXProject section */

/* Begin PBXResourcesBuildPhase section */
		29DBCAE01F55E9E200B96966 /* Resources */ = {
			isa = PBXResourcesBuildPhase;
			buildActionMask = 2147483647;
			files = (
				29DBCAF01F55E9E200B96966 /* LaunchScreen.storyboard in Resources */,
				29DBCAED1F55E9E200B96966 /* Assets.xcassets in Resources */,
				29DBCAEB1F55E9E200B96966 /* Main.storyboard in Resources */,
			);
			runOnlyForDeploymentPostprocessing = 0;
		};
		29DBCAF41F55E9E200B96966 /* Resources */ = {
			isa = PBXResourcesBuildPhase;
			buildActionMask = 2147483647;
			files = (
			);
			runOnlyForDeploymentPostprocessing = 0;
		};
/* End PBXResourcesBuildPhase section */

/* Begin PBXSourcesBuildPhase section */
		29DBCADE1F55E9E200B96966 /* Sources */ = {
			isa = PBXSourcesBuildPhase;
			buildActionMask = 2147483647;
			files = (
				29DBCAE81F55E9E200B96966 /* ViewController.swift in Sources */,
				29DBCAE61F55E9E200B96966 /* AppDelegate.swift in Sources */,
			);
			runOnlyForDeploymentPostprocessing = 0;
		};
		29DBCAF21F55E9E200B96966 /* Sources */ = {
			isa = PBXSourcesBuildPhase;
			buildActionMask = 2147483647;
			files = (
				29DBCAFB1F55E9E200B96966 /* NotificationCustomTests.swift in Sources */,
			);
			runOnlyForDeploymentPostprocessing = 0;
		};
/* End PBXSourcesBuildPhase section */

/* Begin PBXTargetDependency section */
		29DBCAF81F55E9E200B96966 /* PBXTargetDependency */ = {
			isa = PBXTargetDependency;
			target = 29DBCAE11F55E9E200B96966 /* NotificationCustom */;
			targetProxy = 29DBCAF71F55E9E200B96966 /* PBXContainerItemProxy */;
		};
/* End PBXTargetDependency section */

/* Begin PBXVariantGroup section */
		29DBCAE91F55E9E200B96966 /* Main.storyboard */ = {
			isa = PBXVariantGroup;
			children = (
				29DBCAEA1F55E9E200B96966 /* Base */,
			);
			name = Main.storyboard;
			sourceTree = "<group>";
		};
		29DBCAEE1F55E9E200B96966 /* LaunchScreen.storyboard */ = {
			isa = PBXVariantGroup;
			children = (
				29DBCAEF1F55E9E200B96966 /* Base */,
			);
			name = LaunchScreen.storyboard;
			sourceTree = "<group>";
		};
/* End PBXVariantGroup section */

/* Begin XCBuildConfiguration section */
		29DBCAFD1F55E9E200B96966 /* Debug */ = {
			isa = XCBuildConfiguration;
			buildSettings = {
				ALWAYS_SEARCH_USER_PATHS = NO;
				CLANG_ANALYZER_NONNULL = YES;
				CLANG_ANALYZER_NUMBER_OBJECT_CONVERSION = YES_AGGRESSIVE;
				CLANG_CXX_LANGUAGE_STANDARD = "gnu++0x";
				CLANG_CXX_LIBRARY = "libc++";
				CLANG_ENABLE_MODULES = YES;
				CLANG_ENABLE_OBJC_ARC = YES;
				CLANG_WARN_BOOL_CONVERSION = YES;
				CLANG_WARN_CONSTANT_CONVERSION = YES;
				CLANG_WARN_DIRECT_OBJC_ISA_USAGE = YES_ERROR;
				CLANG_WARN_DOCUMENTATION_COMMENTS = YES;
				CLANG_WARN_EMPTY_BODY = YES;
				CLANG_WARN_ENUM_CONVERSION = YES;
				CLANG_WARN_INFINITE_RECURSION = YES;
				CLANG_WARN_INT_CONVERSION = YES;
				CLANG_WARN_OBJC_ROOT_CLASS = YES_ERROR;
				CLANG_WARN_SUSPICIOUS_MOVE = YES;
				CLANG_WARN_UNREACHABLE_CODE = YES;
				CLANG_WARN__DUPLICATE_METHOD_MATCH = YES;
				"CODE_SIGN_IDENTITY[sdk=iphoneos*]" = "iPhone Developer";
				COPY_PHASE_STRIP = NO;
				DEBUG_INFORMATION_FORMAT = dwarf;
				ENABLE_STRICT_OBJC_MSGSEND = YES;
				ENABLE_TESTABILITY = YES;
				GCC_C_LANGUAGE_STANDARD = gnu99;
				GCC_DYNAMIC_NO_PIC = NO;
				GCC_NO_COMMON_BLOCKS = YES;
				GCC_OPTIMIZATION_LEVEL = 0;
				GCC_PREPROCESSOR_DEFINITIONS = (
					"DEBUG=1",
					"$(inherited)",
				);
				GCC_WARN_64_TO_32_BIT_CONVERSION = YES;
				GCC_WARN_ABOUT_RETURN_TYPE = YES_ERROR;
				GCC_WARN_UNDECLARED_SELECTOR = YES;
				GCC_WARN_UNINITIALIZED_AUTOS = YES_AGGRESSIVE;
				GCC_WARN_UNUSED_FUNCTION = YES;
				GCC_WARN_UNUSED_VARIABLE = YES;
				IPHONEOS_DEPLOYMENT_TARGET = 10.3;
				MTL_ENABLE_DEBUG_INFO = YES;
				ONLY_ACTIVE_ARCH = YES;
				SDKROOT = iphoneos;
				SWIFT_ACTIVE_COMPILATION_CONDITIONS = DEBUG;
				SWIFT_OPTIMIZATION_LEVEL = "-Onone";
			};
			name = Debug;
		};
		29DBCAFE1F55E9E200B96966 /* Release */ = {
			isa = XCBuildConfiguration;
			buildSettings = {
				ALWAYS_SEARCH_USER_PATHS = NO;
				CLANG_ANALYZER_NONNULL = YES;
				CLANG_ANALYZER_NUMBER_OBJECT_CONVERSION = YES_AGGRESSIVE;
				CLANG_CXX_LANGUAGE_STANDARD = "gnu++0x";
				CLANG_CXX_LIBRARY = "libc++";
				CLANG_ENABLE_MODULES = YES;
				CLANG_ENABLE_OBJC_ARC = YES;
				CLANG_WARN_BOOL_CONVERSION = YES;
				CLANG_WARN_CONSTANT_CONVERSION = YES;
				CLANG_WARN_DIRECT_OBJC_ISA_USAGE = YES_ERROR;
				CLANG_WARN_DOCUMENTATION_COMMENTS = YES;
				CLANG_WARN_EMPTY_BODY = YES;
				CLANG_WARN_ENUM_CONVERSION = YES;
				CLANG_WARN_INFINITE_RECURSION = YES;
				CLANG_WARN_INT_CONVERSION = YES;
				CLANG_WARN_OBJC_ROOT_CLASS = YES_ERROR;
				CLANG_WARN_SUSPICIOUS_MOVE = YES;
				CLANG_WARN_UNREACHABLE_CODE = YES;
				CLANG_WARN__DUPLICATE_METHOD_MATCH = YES;
				"CODE_SIGN_IDENTITY[sdk=iphoneos*]" = "iPhone Developer";
				COPY_PHASE_STRIP = NO;
				DEBUG_INFORMATION_FORMAT = "dwarf-with-dsym";
				ENABLE_NS_ASSERTIONS = NO;
				ENABLE_STRICT_OBJC_MSGSEND = YES;
				GCC_C_LANGUAGE_STANDARD = gnu99;
				GCC_NO_COMMON_BLOCKS = YES;
				GCC_WARN_64_TO_32_BIT_CONVERSION = YES;
				GCC_WARN_ABOUT_RETURN_TYPE = YES_ERROR;
				GCC_WARN_UNDECLARED_SELECTOR = YES;
				GCC_WARN_UNINITIALIZED_AUTOS = YES_AGGRESSIVE;
				GCC_WARN_UNUSED_FUNCTION = YES;
				GCC_WARN_UNUSED_VARIABLE = YES;
				IPHONEOS_DEPLOYMENT_TARGET = 10.3;
				MTL_ENABLE_DEBUG_INFO = NO;
				SDKROOT = iphoneos;
				SWIFT_OPTIMIZATION_LEVEL = "-Owholemodule";
				VALIDATE_PRODUCT = YES;
			};
			name = Release;
		};
		29DBCB001F55E9E200B96966 /* Debug */ = {
			isa = XCBuildConfiguration;
			buildSettings = {
				ASSETCATALOG_COMPILER_APPICON_NAME = AppIcon;
				INFOPLIST_FILE = NotificationCustom/Info.plist;
				LD_RUNPATH_SEARCH_PATHS = "$(inherited) @executable_path/Frameworks";
				PRODUCT_BUNDLE_IDENTIFIER = terror.NotificationCustom;
				PRODUCT_NAME = "$(TARGET_NAME)";
				SWIFT_VERSION = 3.0;
			};
			name = Debug;
		};
		29DBCB011F55E9E200B96966 /* Release */ = {
			isa = XCBuildConfiguration;
			buildSettings = {
				ASSETCATALOG_COMPILER_APPICON_NAME = AppIcon;
				INFOPLIST_FILE = NotificationCustom/Info.plist;
				LD_RUNPATH_SEARCH_PATHS = "$(inherited) @executable_path/Frameworks";
				PRODUCT_BUNDLE_IDENTIFIER = terror.NotificationCustom;
				PRODUCT_NAME = "$(TARGET_NAME)";
				SWIFT_VERSION = 3.0;
			};
			name = Release;
		};
		29DBCB031F55E9E200B96966 /* Debug */ = {
			isa = XCBuildConfiguration;
			buildSettings = {
				ALWAYS_EMBED_SWIFT_STANDARD_LIBRARIES = YES;
				BUNDLE_LOADER = "$(TEST_HOST)";
				INFOPLIST_FILE = NotificationCustomTests/Info.plist;
				LD_RUNPATH_SEARCH_PATHS = "$(inherited) @executable_path/Frameworks @loader_path/Frameworks";
				PRODUCT_BUNDLE_IDENTIFIER = terror.NotificationCustomTests;
				PRODUCT_NAME = "$(TARGET_NAME)";
				SWIFT_VERSION = 3.0;
				TEST_HOST = "$(BUILT_PRODUCTS_DIR)/NotificationCustom.app/NotificationCustom";
			};
			name = Debug;
		};
		29DBCB041F55E9E200B96966 /* Release */ = {
			isa = XCBuildConfiguration;
			buildSettings = {
				ALWAYS_EMBED_SWIFT_STANDARD_LIBRARIES = YES;
				BUNDLE_LOADER = "$(TEST_HOST)";
				INFOPLIST_FILE = NotificationCustomTests/Info.plist;
				LD_RUNPATH_SEARCH_PATHS = "$(inherited) @executable_path/Frameworks @loader_path/Frameworks";
				PRODUCT_BUNDLE_IDENTIFIER = terror.NotificationCustomTests;
				PRODUCT_NAME = "$(TARGET_NAME)";
				SWIFT_VERSION = 3.0;
				TEST_HOST = "$(BUILT_PRODUCTS_DIR)/NotificationCustom.app/NotificationCustom";
			};
			name = Release;
		};
/* End XCBuildConfiguration section */

/* Begin XCConfigurationList section */
		29DBCADD1F55E9E200B96966 /* Build configuration list for PBXProject "NotificationCustom" */ = {
			isa = XCConfigurationList;
			buildConfigurations = (
				29DBCAFD1F55E9E200B96966 /* Debug */,
				29DBCAFE1F55E9E200B96966 /* Release */,
			);
			defaultConfigurationIsVisible = 0;
			defaultConfigurationName = Release;
		};
		29DBCAFF1F55E9E200B96966 /* Build configuration list for PBXNativeTarget "NotificationCustom" */ = {
			isa = XCConfigurationList;
			buildConfigurations = (
				29DBCB001F55E9E200B96966 /* Debug */,
				29DBCB011F55E9E200B96966 /* Release */,
			);
			defaultConfigurationIsVisible = 0;
		};
		29DBCB021F55E9E200B96966 /* Build configuration list for PBXNativeTarget "NotificationCustomTests" */ = {
			isa = XCConfigurationList;
			buildConfigurations = (
				29DBCB031F55E9E200B96966 /* Debug */,
				29DBCB041F55E9E200B96966 /* Release */,
			);
			defaultConfigurationIsVisible = 0;
		};
/* End XCConfigurationList section */
	};
	rootObject = 29DBCADA1F55E9E200B96966 /* Project object */;
}
